{
  "name": "hardcore-js-wb",
  "version": "1.0.0",
  "lockfileVersion": 3,
  "requires": true,
  "packages": {
    "": {
      "name": "hardcore-js-wb",
      "version": "1.0.0",
      "license": "ISC",
      "dependencies": {
        "moment": "^2.29.4",
        "ymaps": "^0.2.1"
      }
    },
    "node_modules/moment": {
      "version": "2.29.4",
      "resolved": "https://registry.npmjs.org/moment/-/moment-2.29.4.tgz",
      "integrity": "sha512-5LC9SOxjSc2HF6vO2CyuTDNivEdoz2IvyJJGj6X8DJ0eFyfszE0QiEd+iXmBvUP3WHxSjFH/vIsA0EN00cgr8w==",
      "engines": {
        "node": "*"
      }
    },
    "node_modules/ymaps": {
      "version": "0.2.1",
      "resolved": "https://registry.npmjs.org/ymaps/-/ymaps-0.2.1.tgz",
      "integrity": "sha512-7PXl4mwipFyqBuyWsphOEEP+9wlkIyNKcXlhrWi+mX8R9m9Fz1bNdPGSMdAw3zTZRq4vjOQ7WIFFCvf7Q5UX/A=="
    }
  }
}
